{
  "version": 1,
  "dependencies": {
    "net8.0": {
      "Google.Protobuf": {
        "type": "Direct",
        "requested": "[3.27.2, )",
        "resolved": "3.27.2",
        "contentHash": "0wdgA3LO9mBS477jieBFs4pU1sWhVtwv/P+i9nAEiFDQyUA7PPHDBbJL1CeqYtV18jLiq9og4n7wSVCO171OBg=="
      },
      "Grpc.AspNetCore": {
        "type": "Direct",
        "requested": "[2.65.0, )",
        "resolved": "2.65.0",
        "contentHash": "d9fiduwCRHnkugNlFPL7aQvo0MvWzIMRcaN2Gp9OITn2fiPAR+IjisJ7tuuNiWU5FPc2Jlnr2hbdn5fScYM0KA==",
        "dependencies": {
          "Google.Protobuf": "3.27.0",
          "Grpc.AspNetCore.Server.ClientFactory": "2.65.0",
          "Grpc.Tools": "2.65.0"
        }
      },
      "Grpc.AspNetCore.Server.Reflection": {
        "type": "Direct",
        "requested": "[2.65.0, )",
        "resolved": "2.65.0",
        "contentHash": "aQ8UyedHXLm7RxHJ7HQmU26Np6vUYAETiEr0eXhBfhQD3ivIDfey/qRUp1a5uidoqMhN1edfUPAvYlHzGCJ0Rg==",
        "dependencies": {
          "Google.Protobuf": "3.27.0",
          "Grpc.AspNetCore.Server": "2.65.0",
          "Grpc.Reflection": "2.65.0"
        }
      },
      "Grpc.Tools": {
        "type": "Direct",
        "requested": "[2.65.0, )",
        "resolved": "2.65.0",
        "contentHash": "2HX7+tPCIXwx1nsyj2h0i703D8SM2CMTUqdjDHAsU3HmKKksMJ7K6x31Rhg9yLJsW76OJItyoD9fk7W3HP/Wgw=="
      },
      "Swashbuckle.AspNetCore": {
        "type": "Direct",
        "requested": "[7.1.0, )",
        "resolved": "7.1.0",
        "contentHash": "PpKwEZNCciDPczWPnuqaTVuN5jR/fG2RubQYgKHVWY2KB+TpvKkOrQJoF51S1yMJxygaofCM3BXlLy4PK/o8WA==",
        "dependencies": {
          "Microsoft.Extensions.ApiDescription.Server": "6.0.5",
          "Swashbuckle.AspNetCore.Swagger": "7.1.0",
          "Swashbuckle.AspNetCore.SwaggerGen": "7.1.0",
          "Swashbuckle.AspNetCore.SwaggerUI": "7.1.0"
        }
      },
      "Grpc.AspNetCore.Server": {
        "type": "Transitive",
        "resolved": "2.65.0",
        "contentHash": "T6HKIieesksg3M8aVY6WOeiUthdKqYFI1yPxiBMaG9mT3+yXUkmMWEkdDsKU6RU6fWWNQVmyM1FUMvZ7Bw1vtA==",
        "dependencies": {
          "Grpc.Net.Common": "2.65.0"
        }
      },
      "Grpc.AspNetCore.Server.ClientFactory": {
        "type": "Transitive",
        "resolved": "2.65.0",
        "contentHash": "HldiCXWcOPY0mSaXv3Xbw0P8CRLHUPJAdf+94UTeOm65Oli/NiAexXeWZGecOV5EB5cyEntvs6aLT7BEk4+SNQ==",
        "dependencies": {
          "Grpc.AspNetCore.Server": "2.65.0",
          "Grpc.Net.ClientFactory": "2.65.0"
        }
      },
      "Grpc.Core.Api": {
        "type": "Transitive",
        "resolved": "2.65.0",
        "contentHash": "VHElVX8XpJoaoddHkxhSHrXqn+7k3cZRmAxvZFh0NElkZK5oAT0/QOPM2FJtt5/xIxjQPumz3TOkzrUT6b8V6g=="
      },
      "Grpc.Net.Client": {
        "type": "Transitive",
        "resolved": "2.65.0",
        "contentHash": "ys1Rz7pxV0XR2pm4BVMkm/PrJ2BQu8OXFTvnXzzelTvQ+19OiHbUSb1kSZ2X4V7FziaxrtWY52ssXK3MFjQxbg==",
        "dependencies": {
          "Grpc.Net.Common": "2.65.0",
          "Microsoft.Extensions.Logging.Abstractions": "6.0.0"
        }
      },
      "Grpc.Net.ClientFactory": {
        "type": "Transitive",
        "resolved": "2.65.0",
        "contentHash": "iVJ8/uoaPccipMeyD0uwpbX6lRhFEo4aLJmGhLsdigQWi1tDdf/PHfRNZudX3lqZGuqyxl+wC2CfuApIIKPMhg==",
        "dependencies": {
          "Grpc.Net.Client": "2.65.0",
          "Microsoft.Extensions.Http": "6.0.0"
        }
      },
      "Grpc.Net.Common": {
        "type": "Transitive",
        "resolved": "2.65.0",
        "contentHash": "XbRegnfDrWoXZJ4GGdJat+KXnmCCkR6XQmWnIZxxIjphyZkWZgI0FN1PtGXU4RZ5a5C85qg1cscz1ju2biVXGg==",
        "dependencies": {
          "Grpc.Core.Api": "2.65.0"
        }
      },
      "Grpc.Reflection": {
        "type": "Transitive",
        "resolved": "2.65.0",
        "contentHash": "Tujf+88sYaNeXh9zdY74x8hVvN5voSp4DDTx0Ne3b3Pw5aCitl3tEPzz9mZn3Oy4NrP7mcmbHUUCD5jxhao/uQ==",
        "dependencies": {
          "Google.Protobuf": "3.27.0",
          "Grpc.Core.Api": "2.65.0"
        }
      },
      "Microsoft.Extensions.ApiDescription.Server": {
        "type": "Transitive",
        "resolved": "6.0.5",
        "contentHash": "Ckb5EDBUNJdFWyajfXzUIMRkhf52fHZOQuuZg/oiu8y7zDCVwD0iHhew6MnThjHmevanpxL3f5ci2TtHQEN6bw=="
      },
      "Microsoft.Extensions.DependencyInjection": {
        "type": "Transitive",
        "resolved": "6.0.0",
        "contentHash": "k6PWQMuoBDGGHOQTtyois2u4AwyVcIwL2LaSLlTZQm2CYcJ1pxbt6jfAnpWmzENA/wfrYRI/X9DTLoUkE4AsLw==",
        "dependencies": {
          "Microsoft.Extensions.DependencyInjection.Abstractions": "6.0.0",
          "System.Runtime.CompilerServices.Unsafe": "6.0.0"
        }
      },
      "Microsoft.Extensions.DependencyInjection.Abstractions": {
        "type": "Transitive",
        "resolved": "6.0.0",
        "contentHash": "xlzi2IYREJH3/m6+lUrQlujzX8wDitm4QGnUu6kUXTQAWPuZY8i+ticFJbzfqaetLA6KR/rO6Ew/HuYD+bxifg=="
      },
      "Microsoft.Extensions.Http": {
        "type": "Transitive",
        "resolved": "6.0.0",
        "contentHash": "15+pa2G0bAMHbHewaQIdr/y6ag2H3yh4rd9hTXavtWDzQBkvpe2RMqFg8BxDpcQWssmjmBApGPcw93QRz6YcMg==",
        "dependencies": {
          "Microsoft.Extensions.DependencyInjection.Abstractions": "6.0.0",
          "Microsoft.Extensions.Logging": "6.0.0",
          "Microsoft.Extensions.Logging.Abstractions": "6.0.0",
          "Microsoft.Extensions.Options": "6.0.0"
        }
      },
      "Microsoft.Extensions.Logging": {
        "type": "Transitive",
        "resolved": "6.0.0",
        "contentHash": "eIbyj40QDg1NDz0HBW0S5f3wrLVnKWnDJ/JtZ+yJDFnDj90VoPuoPmFkeaXrtu+0cKm5GRAwoDf+dBWXK0TUdg==",
        "dependencies": {
          "Microsoft.Extensions.DependencyInjection": "6.0.0",
          "Microsoft.Extensions.DependencyInjection.Abstractions": "6.0.0",
          "Microsoft.Extensions.Logging.Abstractions": "6.0.0",
          "Microsoft.Extensions.Options": "6.0.0",
          "System.Diagnostics.DiagnosticSource": "6.0.0"
        }
      },
      "Microsoft.Extensions.Logging.Abstractions": {
        "type": "Transitive",
        "resolved": "6.0.0",
        "contentHash": "/HggWBbTwy8TgebGSX5DBZ24ndhzi93sHUBDvP1IxbZD7FDokYzdAr6+vbWGjw2XAfR2EJ1sfKUotpjHnFWPxA=="
      },
      "Microsoft.Extensions.Options": {
        "type": "Transitive",
        "resolved": "6.0.0",
        "contentHash": "dzXN0+V1AyjOe2xcJ86Qbo233KHuLEY0njf/P2Kw8SfJU+d45HNS2ctJdnEnrWbM9Ye2eFgaC5Mj9otRMU6IsQ==",
        "dependencies": {
          "Microsoft.Extensions.DependencyInjection.Abstractions": "6.0.0",
          "Microsoft.Extensions.Primitives": "6.0.0"
        }
      },
      "Microsoft.Extensions.Primitives": {
        "type": "Transitive",
        "resolved": "6.0.0",
        "contentHash": "9+PnzmQFfEFNR9J2aDTfJGGupShHjOuGw4VUv+JB044biSHrnmCIMD+mJHmb2H7YryrfBEXDurxQ47gJZdCKNQ==",
        "dependencies": {
          "System.Runtime.CompilerServices.Unsafe": "6.0.0"
        }
      },
      "Microsoft.OpenApi": {
        "type": "Transitive",
        "resolved": "1.6.22",
        "contentHash": "aBvunmrdu/x+4CaA/UP1Jx4xWGwk4kymhoIRnn2Vp+zi5/KOPQJ9EkSXHRUr01WcGKtYl3Au7XfkPJbU1G2sjQ=="
      },
      "Swashbuckle.AspNetCore.Swagger": {
        "type": "Transitive",
        "resolved": "7.1.0",
        "contentHash": "+vzt/nV82YVCJt7GIuRV9xe67dvzrVwqDgO8DiQPmUZwtvtjK4rrb+qnoXbcu90VVaz2xjEK/Ma5/3AVWifSHQ==",
        "dependencies": {
          "Microsoft.OpenApi": "1.6.22"
        }
      },
      "Swashbuckle.AspNetCore.SwaggerGen": {
        "type": "Transitive",
        "resolved": "7.1.0",
        "contentHash": "Nd1O1rVTpeX3U2fr+4FMjTD1BqnGBZcX5t0EkhVBdQWz/anf/68xTpJpAjZ9DS9CVDVKAm7qI6eJmq9psqFpVQ==",
        "dependencies": {
          "Swashbuckle.AspNetCore.Swagger": "7.1.0"
        }
      },
      "Swashbuckle.AspNetCore.SwaggerUI": {
        "type": "Transitive",
        "resolved": "7.1.0",
        "contentHash": "Tn9+gbG2wGekFDcm1+XQXPZoSZWOHn3DiEGaEw3/SMCtKdhkYiejoKpmTzZueKOBQf0Lzgvxs6Lss0WObN0RPA=="
      },
      "System.Diagnostics.DiagnosticSource": {
        "type": "Transitive",
        "resolved": "6.0.0",
        "contentHash": "frQDfv0rl209cKm1lnwTgFPzNigy2EKk1BS3uAvHvlBVKe5cymGyHO+Sj+NLv5VF/AhHsqPIUUwya5oV4CHMUw==",
        "dependencies": {
          "System.Runtime.CompilerServices.Unsafe": "6.0.0"
        }
      },
      "System.Runtime.CompilerServices.Unsafe": {
        "type": "Transitive",
        "resolved": "6.0.0",
        "contentHash": "/iUeP3tq1S0XdNNoMz5C9twLSrM/TH+qElHkXWaPvuNOt+99G75NrV0OS2EqHx5wMN7popYjpc8oTjC1y16DLg=="
      }
    }
  }
}